
Microsoft Visual Studio Solution File, Format Version 12.00
# Visual Studio Version 17
VisualStudioVersion = 17.7.34202.233
MinimumVisualStudioVersion = 10.0.40219.1
Project("{FAE04EC0-301F-11D3-BF4B-00C04F79EFBC}") = "ConsoleApp1", "ConsoleApp1\ConsoleApp1.csproj", "{28B3F37E-0609-46C9-A773-CD2CB86D6D6F}"
EndProject
Global
	GlobalSection(SolutionConfigurationPlatforms) = preSolution
		Debug|Any CPU = Debug|Any CPU
		Release|Any CPU = Release|Any CPU
	EndGlobalSection
	GlobalSection(ProjectConfigurationPlatforms) = postSolution
		{28B3F37E-0609-46C9-A773-CD2CB86D6D6F}.Debug|Any CPU.ActiveCfg = Debug|Any CPU
		{28B3F37E-0609-46C9-A773-CD2CB86D6D6F}.Debug|Any CPU.Build.0 = Debug|Any CPU
		{28B3F37E-0609-46C9-A773-CD2CB86D6D6F}.Release|Any CPU.ActiveCfg = Release|Any CPU
		{28B3F37E-0609-46C9-A773-CD2CB86D6D6F}.Release|Any CPU.Build.0 = Release|Any CPU
	EndGlobalSection
	GlobalSection(SolutionProperties) = preSolution
		HideSolutionNode = FALSE
	EndGlobalSection
	GlobalSection(ExtensibilityGlobals) = postSolution
		SolutionGuid = {32035D77-E9C2-4288-BCE5-07E8D6248FA5}
	EndGlobalSection
EndGlobal
